
Microsoft Visual Studio Solution File, Format Version 12.00
# Visual Studio Version 16
VisualStudioVersion = 16.0.29613.14
MinimumVisualStudioVersion = 10.0.40219.1
Project("{FAE04EC0-301F-11D3-BF4B-00C04F79EFBC}") = "GoogleSchoolProjectManager", "GoogleSchoolProjectManager\GoogleSchoolProjectManager.csproj", "{09547EF1-9C73-4EC0-832C-30E2EB1ADEB5}"
EndProject
Project("{FAE04EC0-301F-11D3-BF4B-00C04F79EFBC}") = "GoogleSchoolProjectManager.ConsoleApp", "GoogleSchoolProjectManager.ConsoleApp\GoogleSchoolProjectManager.ConsoleApp.csproj", "{4DC8B498-8FA4-4855-9D5D-A49B2D498D60}"
EndProject
Global
	GlobalSection(SolutionConfigurationPlatforms) = preSolution
		Debug|Any CPU = Debug|Any CPU
		Release|Any CPU = Release|Any CPU
	EndGlobalSection
	GlobalSection(ProjectConfigurationPlatforms) = postSolution
		{09547EF1-9C73-4EC0-832C-30E2EB1ADEB5}.Debug|Any CPU.ActiveCfg = Debug|Any CPU
		{09547EF1-9C73-4EC0-832C-30E2EB1ADEB5}.Debug|Any CPU.Build.0 = Debug|Any CPU
		{09547EF1-9C73-4EC0-832C-30E2EB1ADEB5}.Release|Any CPU.ActiveCfg = Release|Any CPU
		{09547EF1-9C73-4EC0-832C-30E2EB1ADEB5}.Release|Any CPU.Build.0 = Release|Any CPU
		{4DC8B498-8FA4-4855-9D5D-A49B2D498D60}.Debug|Any CPU.ActiveCfg = Debug|Any CPU
		{4DC8B498-8FA4-4855-9D5D-A49B2D498D60}.Debug|Any CPU.Build.0 = Debug|Any CPU
		{4DC8B498-8FA4-4855-9D5D-A49B2D498D60}.Release|Any CPU.ActiveCfg = Release|Any CPU
		{4DC8B498-8FA4-4855-9D5D-A49B2D498D60}.Release|Any CPU.Build.0 = Release|Any CPU
	EndGlobalSection
	GlobalSection(SolutionProperties) = preSolution
		HideSolutionNode = FALSE
	EndGlobalSection
	GlobalSection(ExtensibilityGlobals) = postSolution
		SolutionGuid = {73707EFB-4D02-40E2-9BA6-99A04961D51E}
	EndGlobalSection
EndGlobal
